
Microsoft Visual Studio Solution File, Format Version 12.00
# Visual Studio 2012
Project("{FAE04EC0-301F-11D3-BF4B-00C04F79EFBC}") = "Application", "Application\Application.csproj", "{50A93FE5-64F6-4F38-B47D-68F48D61A747}"
EndProject
Project("{FAE04EC0-301F-11D3-BF4B-00C04F79EFBC}") = "PrerequisiteApplication", "PrerequisiteApplication\PrerequisiteApplication.csproj", "{04ED5EF2-A83F-4853-9816-94689C052EFB}"
EndProject
Project("{930C7802-8A8C-48F9-8165-68863BCCD9DD}") = "PrerequisiteApplicationInstaller", "PrerequisiteApplicationInstaller\PrerequisiteApplicationInstaller.wixproj", "{E69C4B4E-2557-44E2-B077-1CE593CB8AE1}"
EndProject
Project("{930C7802-8A8C-48F9-8165-68863BCCD9DD}") = "BurnYourApplication", "BurnYourApplication\BurnYourApplication.wixproj", "{DB490597-A41C-41F1-97DD-79BA71CE9B25}"
EndProject
Project("{930C7802-8A8C-48F9-8165-68863BCCD9DD}") = "ApplicationInstaller", "ApplicationInstaller\ApplicationInstaller.wixproj", "{2B969945-D3BA-49C5-8B76-2CE0571B1A74}"
EndProject
Project("{FAE04EC0-301F-11D3-BF4B-00C04F79EFBC}") = "CustomBootstrapper", "CustomBootstrapper\CustomBootstrapper.csproj", "{9073C4CF-7DE4-4614-B813-10876C03306F}"
EndProject
Project("{FAE04EC0-301F-11D3-BF4B-00C04F79EFBC}") = "ExtraApplication", "ExtraApplication\ExtraApplication.csproj", "{35722D47-8A5B-4233-926C-1F218CB5EF30}"
EndProject
Project("{930C7802-8A8C-48F9-8165-68863BCCD9DD}") = "ExtraApplicationInstaller", "ExtraApplicationInstaller\ExtraApplicationInstaller.wixproj", "{AC0D6049-EC56-477B-BD17-FC5AA0512686}"
EndProject
Global
	GlobalSection(SolutionConfigurationPlatforms) = preSolution
		Debug|Any CPU = Debug|Any CPU
		Debug|Mixed Platforms = Debug|Mixed Platforms
		Debug|x86 = Debug|x86
		Release|Any CPU = Release|Any CPU
		Release|Mixed Platforms = Release|Mixed Platforms
		Release|x86 = Release|x86
	EndGlobalSection
	GlobalSection(ProjectConfigurationPlatforms) = postSolution
		{50A93FE5-64F6-4F38-B47D-68F48D61A747}.Debug|Any CPU.ActiveCfg = Debug|Any CPU
		{50A93FE5-64F6-4F38-B47D-68F48D61A747}.Debug|Any CPU.Build.0 = Debug|Any CPU
		{50A93FE5-64F6-4F38-B47D-68F48D61A747}.Debug|Mixed Platforms.ActiveCfg = Debug|Any CPU
		{50A93FE5-64F6-4F38-B47D-68F48D61A747}.Debug|Mixed Platforms.Build.0 = Debug|Any CPU
		{50A93FE5-64F6-4F38-B47D-68F48D61A747}.Debug|x86.ActiveCfg = Debug|Any CPU
		{50A93FE5-64F6-4F38-B47D-68F48D61A747}.Release|Any CPU.ActiveCfg = Release|Any CPU
		{50A93FE5-64F6-4F38-B47D-68F48D61A747}.Release|Any CPU.Build.0 = Release|Any CPU
		{50A93FE5-64F6-4F38-B47D-68F48D61A747}.Release|Mixed Platforms.ActiveCfg = Release|Any CPU
		{50A93FE5-64F6-4F38-B47D-68F48D61A747}.Release|Mixed Platforms.Build.0 = Release|Any CPU
		{50A93FE5-64F6-4F38-B47D-68F48D61A747}.Release|x86.ActiveCfg = Release|Any CPU
		{04ED5EF2-A83F-4853-9816-94689C052EFB}.Debug|Any CPU.ActiveCfg = Debug|Any CPU
		{04ED5EF2-A83F-4853-9816-94689C052EFB}.Debug|Any CPU.Build.0 = Debug|Any CPU
		{04ED5EF2-A83F-4853-9816-94689C052EFB}.Debug|Mixed Platforms.ActiveCfg = Debug|Any CPU
		{04ED5EF2-A83F-4853-9816-94689C052EFB}.Debug|Mixed Platforms.Build.0 = Debug|Any CPU
		{04ED5EF2-A83F-4853-9816-94689C052EFB}.Debug|x86.ActiveCfg = Debug|Any CPU
		{04ED5EF2-A83F-4853-9816-94689C052EFB}.Release|Any CPU.ActiveCfg = Release|Any CPU
		{04ED5EF2-A83F-4853-9816-94689C052EFB}.Release|Any CPU.Build.0 = Release|Any CPU
		{04ED5EF2-A83F-4853-9816-94689C052EFB}.Release|Mixed Platforms.ActiveCfg = Release|Any CPU
		{04ED5EF2-A83F-4853-9816-94689C052EFB}.Release|Mixed Platforms.Build.0 = Release|Any CPU
		{04ED5EF2-A83F-4853-9816-94689C052EFB}.Release|x86.ActiveCfg = Release|Any CPU
		{E69C4B4E-2557-44E2-B077-1CE593CB8AE1}.Debug|Any CPU.ActiveCfg = Debug|x86
		{E69C4B4E-2557-44E2-B077-1CE593CB8AE1}.Debug|Any CPU.Build.0 = Debug|x86
		{E69C4B4E-2557-44E2-B077-1CE593CB8AE1}.Debug|Mixed Platforms.ActiveCfg = Debug|x86
		{E69C4B4E-2557-44E2-B077-1CE593CB8AE1}.Debug|Mixed Platforms.Build.0 = Debug|x86
		{E69C4B4E-2557-44E2-B077-1CE593CB8AE1}.Debug|x86.ActiveCfg = Debug|x86
		{E69C4B4E-2557-44E2-B077-1CE593CB8AE1}.Debug|x86.Build.0 = Debug|x86
		{E69C4B4E-2557-44E2-B077-1CE593CB8AE1}.Release|Any CPU.ActiveCfg = Release|x86
		{E69C4B4E-2557-44E2-B077-1CE593CB8AE1}.Release|Any CPU.Build.0 = Release|x86
		{E69C4B4E-2557-44E2-B077-1CE593CB8AE1}.Release|Mixed Platforms.ActiveCfg = Release|x86
		{E69C4B4E-2557-44E2-B077-1CE593CB8AE1}.Release|Mixed Platforms.Build.0 = Release|x86
		{E69C4B4E-2557-44E2-B077-1CE593CB8AE1}.Release|x86.ActiveCfg = Release|x86
		{E69C4B4E-2557-44E2-B077-1CE593CB8AE1}.Release|x86.Build.0 = Release|x86
		{DB490597-A41C-41F1-97DD-79BA71CE9B25}.Debug|Any CPU.ActiveCfg = Debug|x86
		{DB490597-A41C-41F1-97DD-79BA71CE9B25}.Debug|Any CPU.Build.0 = Debug|x86
		{DB490597-A41C-41F1-97DD-79BA71CE9B25}.Debug|Mixed Platforms.ActiveCfg = Debug|x86
		{DB490597-A41C-41F1-97DD-79BA71CE9B25}.Debug|Mixed Platforms.Build.0 = Debug|x86
		{DB490597-A41C-41F1-97DD-79BA71CE9B25}.Debug|x86.ActiveCfg = Debug|x86
		{DB490597-A41C-41F1-97DD-79BA71CE9B25}.Debug|x86.Build.0 = Debug|x86
		{DB490597-A41C-41F1-97DD-79BA71CE9B25}.Release|Any CPU.ActiveCfg = Release|x86
		{DB490597-A41C-41F1-97DD-79BA71CE9B25}.Release|Any CPU.Build.0 = Release|x86
		{DB490597-A41C-41F1-97DD-79BA71CE9B25}.Release|Mixed Platforms.ActiveCfg = Release|x86
		{DB490597-A41C-41F1-97DD-79BA71CE9B25}.Release|Mixed Platforms.Build.0 = Release|x86
		{DB490597-A41C-41F1-97DD-79BA71CE9B25}.Release|x86.ActiveCfg = Release|x86
		{DB490597-A41C-41F1-97DD-79BA71CE9B25}.Release|x86.Build.0 = Release|x86
		{2B969945-D3BA-49C5-8B76-2CE0571B1A74}.Debug|Any CPU.ActiveCfg = Debug|x86
		{2B969945-D3BA-49C5-8B76-2CE0571B1A74}.Debug|Any CPU.Build.0 = Debug|x86
		{2B969945-D3BA-49C5-8B76-2CE0571B1A74}.Debug|Mixed Platforms.ActiveCfg = Debug|x86
		{2B969945-D3BA-49C5-8B76-2CE0571B1A74}.Debug|Mixed Platforms.Build.0 = Debug|x86
		{2B969945-D3BA-49C5-8B76-2CE0571B1A74}.Debug|x86.ActiveCfg = Debug|x86
		{2B969945-D3BA-49C5-8B76-2CE0571B1A74}.Debug|x86.Build.0 = Debug|x86
		{2B969945-D3BA-49C5-8B76-2CE0571B1A74}.Release|Any CPU.ActiveCfg = Release|x86
		{2B969945-D3BA-49C5-8B76-2CE0571B1A74}.Release|Any CPU.Build.0 = Release|x86
		{2B969945-D3BA-49C5-8B76-2CE0571B1A74}.Release|Mixed Platforms.ActiveCfg = Release|x86
		{2B969945-D3BA-49C5-8B76-2CE0571B1A74}.Release|Mixed Platforms.Build.0 = Release|x86
		{2B969945-D3BA-49C5-8B76-2CE0571B1A74}.Release|x86.ActiveCfg = Release|x86
		{2B969945-D3BA-49C5-8B76-2CE0571B1A74}.Release|x86.Build.0 = Release|x86
		{9073C4CF-7DE4-4614-B813-10876C03306F}.Debug|Any CPU.ActiveCfg = Debug|Any CPU
		{9073C4CF-7DE4-4614-B813-10876C03306F}.Debug|Any CPU.Build.0 = Debug|Any CPU
		{9073C4CF-7DE4-4614-B813-10876C03306F}.Debug|Mixed Platforms.ActiveCfg = Debug|Any CPU
		{9073C4CF-7DE4-4614-B813-10876C03306F}.Debug|Mixed Platforms.Build.0 = Debug|Any CPU
		{9073C4CF-7DE4-4614-B813-10876C03306F}.Debug|x86.ActiveCfg = Debug|Any CPU
		{9073C4CF-7DE4-4614-B813-10876C03306F}.Release|Any CPU.ActiveCfg = Release|Any CPU
		{9073C4CF-7DE4-4614-B813-10876C03306F}.Release|Any CPU.Build.0 = Release|Any CPU
		{9073C4CF-7DE4-4614-B813-10876C03306F}.Release|Mixed Platforms.ActiveCfg = Release|Any CPU
		{9073C4CF-7DE4-4614-B813-10876C03306F}.Release|Mixed Platforms.Build.0 = Release|Any CPU
		{9073C4CF-7DE4-4614-B813-10876C03306F}.Release|x86.ActiveCfg = Release|Any CPU
		{35722D47-8A5B-4233-926C-1F218CB5EF30}.Debug|Any CPU.ActiveCfg = Debug|Any CPU
		{35722D47-8A5B-4233-926C-1F218CB5EF30}.Debug|Any CPU.Build.0 = Debug|Any CPU
		{35722D47-8A5B-4233-926C-1F218CB5EF30}.Debug|Mixed Platforms.ActiveCfg = Debug|Any CPU
		{35722D47-8A5B-4233-926C-1F218CB5EF30}.Debug|Mixed Platforms.Build.0 = Debug|Any CPU
		{35722D47-8A5B-4233-926C-1F218CB5EF30}.Debug|x86.ActiveCfg = Debug|Any CPU
		{35722D47-8A5B-4233-926C-1F218CB5EF30}.Release|Any CPU.ActiveCfg = Release|Any CPU
		{35722D47-8A5B-4233-926C-1F218CB5EF30}.Release|Any CPU.Build.0 = Release|Any CPU
		{35722D47-8A5B-4233-926C-1F218CB5EF30}.Release|Mixed Platforms.ActiveCfg = Release|Any CPU
		{35722D47-8A5B-4233-926C-1F218CB5EF30}.Release|Mixed Platforms.Build.0 = Release|Any CPU
		{35722D47-8A5B-4233-926C-1F218CB5EF30}.Release|x86.ActiveCfg = Release|Any CPU
		{AC0D6049-EC56-477B-BD17-FC5AA0512686}.Debug|Any CPU.ActiveCfg = Debug|x86
		{AC0D6049-EC56-477B-BD17-FC5AA0512686}.Debug|Mixed Platforms.ActiveCfg = Debug|x86
		{AC0D6049-EC56-477B-BD17-FC5AA0512686}.Debug|Mixed Platforms.Build.0 = Debug|x86
		{AC0D6049-EC56-477B-BD17-FC5AA0512686}.Debug|x86.ActiveCfg = Debug|x86
		{AC0D6049-EC56-477B-BD17-FC5AA0512686}.Debug|x86.Build.0 = Debug|x86
		{AC0D6049-EC56-477B-BD17-FC5AA0512686}.Release|Any CPU.ActiveCfg = Release|x86
		{AC0D6049-EC56-477B-BD17-FC5AA0512686}.Release|Mixed Platforms.ActiveCfg = Release|x86
		{AC0D6049-EC56-477B-BD17-FC5AA0512686}.Release|Mixed Platforms.Build.0 = Release|x86
		{AC0D6049-EC56-477B-BD17-FC5AA0512686}.Release|x86.ActiveCfg = Release|x86
		{AC0D6049-EC56-477B-BD17-FC5AA0512686}.Release|x86.Build.0 = Release|x86
	EndGlobalSection
	GlobalSection(SolutionProperties) = preSolution
		HideSolutionNode = FALSE
	EndGlobalSection
EndGlobal
